
Microsoft Visual Studio Solution File, Format Version 12.00
# Visual Studio Version 17
VisualStudioVersion = 17.11.35303.130
MinimumVisualStudioVersion = 10.0.40219.1
Project("{FAE04EC0-301F-11D3-BF4B-00C04F79EFBC}") = "OOP-1", "OOP-1\OOP-1.csproj", "{75F7BDCD-D835-4B2B-A006-0CA2411052CF}"
EndProject
Global
	GlobalSection(SolutionConfigurationPlatforms) = preSolution
		Debug|Any CPU = Debug|Any CPU
		Release|Any CPU = Release|Any CPU
	EndGlobalSection
	GlobalSection(ProjectConfigurationPlatforms) = postSolution
		{75F7BDCD-D835-4B2B-A006-0CA2411052CF}.Debug|Any CPU.ActiveCfg = Debug|Any CPU
		{75F7BDCD-D835-4B2B-A006-0CA2411052CF}.Debug|Any CPU.Build.0 = Debug|Any CPU
		{75F7BDCD-D835-4B2B-A006-0CA2411052CF}.Release|Any CPU.ActiveCfg = Release|Any CPU
		{75F7BDCD-D835-4B2B-A006-0CA2411052CF}.Release|Any CPU.Build.0 = Release|Any CPU
	EndGlobalSection
	GlobalSection(SolutionProperties) = preSolution
		HideSolutionNode = FALSE
	EndGlobalSection
	GlobalSection(ExtensibilityGlobals) = postSolution
		SolutionGuid = {4F33A8FC-71DE-44F0-B233-CC1F3C4C342F}
	EndGlobalSection
EndGlobal
